
Microsoft Visual Studio Solution File, Format Version 12.00
# Visual Studio 15
Project("{FAE04EC0-301F-11D3-BF4B-00C04F79EFBC}") = "Assembly-CSharp-Editor", "Assembly-CSharp-Editor.csproj", "{6CB5BB99-D400-FBD1-B66B-3C2BE28D51DB}"
EndProject
Project("{FAE04EC0-301F-11D3-BF4B-00C04F79EFBC}") = "Assembly-CSharp", "Assembly-CSharp.csproj", "{137DCAEC-A800-309C-22AA-D41E2F0E8569}"
EndProject
Global
	GlobalSection(SolutionConfigurationPlatforms) = preSolution
		Debug|Any CPU = Debug|Any CPU
		Release|Any CPU = Release|Any CPU
	EndGlobalSection
	GlobalSection(ProjectConfigurationPlatforms) = postSolution
		{6CB5BB99-D400-FBD1-B66B-3C2BE28D51DB}.Debug|Any CPU.ActiveCfg = Debug|Any CPU
		{6CB5BB99-D400-FBD1-B66B-3C2BE28D51DB}.Debug|Any CPU.Build.0 = Debug|Any CPU
		{6CB5BB99-D400-FBD1-B66B-3C2BE28D51DB}.Release|Any CPU.ActiveCfg = Release|Any CPU
		{6CB5BB99-D400-FBD1-B66B-3C2BE28D51DB}.Release|Any CPU.Build.0 = Release|Any CPU
		{137DCAEC-A800-309C-22AA-D41E2F0E8569}.Debug|Any CPU.ActiveCfg = Debug|Any CPU
		{137DCAEC-A800-309C-22AA-D41E2F0E8569}.Debug|Any CPU.Build.0 = Debug|Any CPU
		{137DCAEC-A800-309C-22AA-D41E2F0E8569}.Release|Any CPU.ActiveCfg = Release|Any CPU
		{137DCAEC-A800-309C-22AA-D41E2F0E8569}.Release|Any CPU.Build.0 = Release|Any CPU
	EndGlobalSection
	GlobalSection(SolutionProperties) = preSolution
		HideSolutionNode = FALSE
	EndGlobalSection
EndGlobal
